
Microsoft Visual Studio Solution File, Format Version 12.00
# Visual Studio Version 16
VisualStudioVersion = 16.0.30804.86
MinimumVisualStudioVersion = 10.0.40219.1
Project("{FAE04EC0-301F-11D3-BF4B-00C04F79EFBC}") = "MetricsManager", "MetricsManager\MetricsManager.csproj", "{BF53590D-8DC7-4FAC-B29F-C2C3E28DAEC7}"
EndProject
Global
	GlobalSection(SolutionConfigurationPlatforms) = preSolution
		Debug|Any CPU = Debug|Any CPU
		Release|Any CPU = Release|Any CPU
	EndGlobalSection
	GlobalSection(ProjectConfigurationPlatforms) = postSolution
		{BF53590D-8DC7-4FAC-B29F-C2C3E28DAEC7}.Debug|Any CPU.ActiveCfg = Debug|Any CPU
		{BF53590D-8DC7-4FAC-B29F-C2C3E28DAEC7}.Debug|Any CPU.Build.0 = Debug|Any CPU
		{BF53590D-8DC7-4FAC-B29F-C2C3E28DAEC7}.Release|Any CPU.ActiveCfg = Release|Any CPU
		{BF53590D-8DC7-4FAC-B29F-C2C3E28DAEC7}.Release|Any CPU.Build.0 = Release|Any CPU
	EndGlobalSection
	GlobalSection(SolutionProperties) = preSolution
		HideSolutionNode = FALSE
	EndGlobalSection
	GlobalSection(ExtensibilityGlobals) = postSolution
		SolutionGuid = {A9D7F277-3639-4092-887F-538EAB9B7C40}
	EndGlobalSection
EndGlobal
